
Microsoft Visual Studio Solution File, Format Version 12.00
# Visual Studio Version 17
VisualStudioVersion = 17.0.31903.59
MinimumVisualStudioVersion = 10.0.40219.1
Project("{2150E333-8FDC-42A3-9474-1A3956D46DE8}") = "src", "src", "{827E0CD3-B72D-47B6-A68D-7590B98EB39B}"
EndProject
Project("{FAE04EC0-301F-11D3-BF4B-00C04F79EFBC}") = "App", "src\App\App.csproj", "{027935DF-C8F3-4A15-8817-3EAC56C25C2F}"
EndProject
Project("{FAE04EC0-301F-11D3-BF4B-00C04F79EFBC}") = "Core", "src\Core\Core.csproj", "{CF9A850F-BE6C-4322-A5D6-800AF2B91B70}"
EndProject
Project("{2150E333-8FDC-42A3-9474-1A3956D46DE8}") = "tests", "tests", "{0AB3BF05-4346-4AA6-1389-037BE0695223}"
EndProject
Project("{FAE04EC0-301F-11D3-BF4B-00C04F79EFBC}") = "Core.Tests", "tests\Core.Tests\Core.Tests.csproj", "{E3EEDF92-0DE4-48B9-87C6-6E33572267B0}"
EndProject
Global
	GlobalSection(SolutionConfigurationPlatforms) = preSolution
		Debug|Any CPU = Debug|Any CPU
		Debug|x64 = Debug|x64
		Debug|x86 = Debug|x86
		Release|Any CPU = Release|Any CPU
		Release|x64 = Release|x64
		Release|x86 = Release|x86
	EndGlobalSection
	GlobalSection(ProjectConfigurationPlatforms) = postSolution
		{027935DF-C8F3-4A15-8817-3EAC56C25C2F}.Debug|Any CPU.ActiveCfg = Debug|Any CPU
		{027935DF-C8F3-4A15-8817-3EAC56C25C2F}.Debug|Any CPU.Build.0 = Debug|Any CPU
		{027935DF-C8F3-4A15-8817-3EAC56C25C2F}.Debug|x64.ActiveCfg = Debug|Any CPU
		{027935DF-C8F3-4A15-8817-3EAC56C25C2F}.Debug|x64.Build.0 = Debug|Any CPU
		{027935DF-C8F3-4A15-8817-3EAC56C25C2F}.Debug|x86.ActiveCfg = Debug|Any CPU
		{027935DF-C8F3-4A15-8817-3EAC56C25C2F}.Debug|x86.Build.0 = Debug|Any CPU
		{027935DF-C8F3-4A15-8817-3EAC56C25C2F}.Release|Any CPU.ActiveCfg = Release|Any CPU
		{027935DF-C8F3-4A15-8817-3EAC56C25C2F}.Release|Any CPU.Build.0 = Release|Any CPU
		{027935DF-C8F3-4A15-8817-3EAC56C25C2F}.Release|x64.ActiveCfg = Release|Any CPU
		{027935DF-C8F3-4A15-8817-3EAC56C25C2F}.Release|x64.Build.0 = Release|Any CPU
		{027935DF-C8F3-4A15-8817-3EAC56C25C2F}.Release|x86.ActiveCfg = Release|Any CPU
		{027935DF-C8F3-4A15-8817-3EAC56C25C2F}.Release|x86.Build.0 = Release|Any CPU
		{CF9A850F-BE6C-4322-A5D6-800AF2B91B70}.Debug|Any CPU.ActiveCfg = Debug|Any CPU
		{CF9A850F-BE6C-4322-A5D6-800AF2B91B70}.Debug|Any CPU.Build.0 = Debug|Any CPU
		{CF9A850F-BE6C-4322-A5D6-800AF2B91B70}.Debug|x64.ActiveCfg = Debug|Any CPU
		{CF9A850F-BE6C-4322-A5D6-800AF2B91B70}.Debug|x64.Build.0 = Debug|Any CPU
		{CF9A850F-BE6C-4322-A5D6-800AF2B91B70}.Debug|x86.ActiveCfg = Debug|Any CPU
		{CF9A850F-BE6C-4322-A5D6-800AF2B91B70}.Debug|x86.Build.0 = Debug|Any CPU
		{CF9A850F-BE6C-4322-A5D6-800AF2B91B70}.Release|Any CPU.ActiveCfg = Release|Any CPU
		{CF9A850F-BE6C-4322-A5D6-800AF2B91B70}.Release|Any CPU.Build.0 = Release|Any CPU
		{CF9A850F-BE6C-4322-A5D6-800AF2B91B70}.Release|x64.ActiveCfg = Release|Any CPU
		{CF9A850F-BE6C-4322-A5D6-800AF2B91B70}.Release|x64.Build.0 = Release|Any CPU
		{CF9A850F-BE6C-4322-A5D6-800AF2B91B70}.Release|x86.ActiveCfg = Release|Any CPU
		{CF9A850F-BE6C-4322-A5D6-800AF2B91B70}.Release|x86.Build.0 = Release|Any CPU
		{E3EEDF92-0DE4-48B9-87C6-6E33572267B0}.Debug|Any CPU.ActiveCfg = Debug|Any CPU
		{E3EEDF92-0DE4-48B9-87C6-6E33572267B0}.Debug|Any CPU.Build.0 = Debug|Any CPU
		{E3EEDF92-0DE4-48B9-87C6-6E33572267B0}.Debug|x64.ActiveCfg = Debug|Any CPU
		{E3EEDF92-0DE4-48B9-87C6-6E33572267B0}.Debug|x64.Build.0 = Debug|Any CPU
		{E3EEDF92-0DE4-48B9-87C6-6E33572267B0}.Debug|x86.ActiveCfg = Debug|Any CPU
		{E3EEDF92-0DE4-48B9-87C6-6E33572267B0}.Debug|x86.Build.0 = Debug|Any CPU
		{E3EEDF92-0DE4-48B9-87C6-6E33572267B0}.Release|Any CPU.ActiveCfg = Release|Any CPU
		{E3EEDF92-0DE4-48B9-87C6-6E33572267B0}.Release|Any CPU.Build.0 = Release|Any CPU
		{E3EEDF92-0DE4-48B9-87C6-6E33572267B0}.Release|x64.ActiveCfg = Release|Any CPU
		{E3EEDF92-0DE4-48B9-87C6-6E33572267B0}.Release|x64.Build.0 = Release|Any CPU
		{E3EEDF92-0DE4-48B9-87C6-6E33572267B0}.Release|x86.ActiveCfg = Release|Any CPU
		{E3EEDF92-0DE4-48B9-87C6-6E33572267B0}.Release|x86.Build.0 = Release|Any CPU
	EndGlobalSection
	GlobalSection(SolutionProperties) = preSolution
		HideSolutionNode = FALSE
	EndGlobalSection
	GlobalSection(NestedProjects) = preSolution
		{027935DF-C8F3-4A15-8817-3EAC56C25C2F} = {827E0CD3-B72D-47B6-A68D-7590B98EB39B}
		{CF9A850F-BE6C-4322-A5D6-800AF2B91B70} = {827E0CD3-B72D-47B6-A68D-7590B98EB39B}
		{E3EEDF92-0DE4-48B9-87C6-6E33572267B0} = {0AB3BF05-4346-4AA6-1389-037BE0695223}
	EndGlobalSection
EndGlobal
